// !$*UTF8*$!
{
	archiveVersion = 1;
	classes = {
	};
	objectVersion = 56;
	objects = {

/* Begin PBXBuildFile section */
		69E56A5C91553775668C794E /* Pods_DDPicEdit.framework in Frameworks */ = {isa = PBXBuildFile; fileRef = 9D281A844AE1E5C851466A0B /* Pods_DDPicEdit.framework */; };
		9DC3A1FF29C727A3009EBFB0 /* HomeMenuProtocol.swift in Sources */ = {isa = PBXBuildFile; fileRef = 9DC3A1FE29C727A3009EBFB0 /* HomeMenuProtocol.swift */; };
		9DC3A20229C728C7009EBFB0 /* DDPicCaptureViewController.swift in Sources */ = {isa = PBXBuildFile; fileRef = 9DC3A20129C728C7009EBFB0 /* DDPicCaptureViewController.swift */; };
		9DC3A20429C74B1A009EBFB0 /* DDPicCaptureConfigCell.swift in Sources */ = {isa = PBXBuildFile; fileRef = 9DC3A20329C74B1A009EBFB0 /* DDPicCaptureConfigCell.swift */; };
		9DC3A20729C74B7A009EBFB0 /* DDPicBaseTableViewCell.swift in Sources */ = {isa = PBXBuildFile; fileRef = 9DC3A20629C74B7A009EBFB0 /* DDPicBaseTableViewCell.swift */; };
		9DC3A20929C74C6A009EBFB0 /* Extention+UIView.swift in Sources */ = {isa = PBXBuildFile; fileRef = 9DC3A20829C74C6A009EBFB0 /* Extention+UIView.swift */; };
		9DC3A20B29C751E2009EBFB0 /* DDPicRowConfigProtocol.swift in Sources */ = {isa = PBXBuildFile; fileRef = 9DC3A20A29C751E2009EBFB0 /* DDPicRowConfigProtocol.swift */; };
		9DC3A20D29C80421009EBFB0 /* DDPicBaseTableViewController.swift in Sources */ = {isa = PBXBuildFile; fileRef = 9DC3A20C29C80421009EBFB0 /* DDPicBaseTableViewController.swift */; };
		9DC3A20F29C80C00009EBFB0 /* Extension+UIFont.swift in Sources */ = {isa = PBXBuildFile; fileRef = 9DC3A20E29C80C00009EBFB0 /* Extension+UIFont.swift */; };
		9DC3A21129C8579C009EBFB0 /* Extension+UIColor.swift in Sources */ = {isa = PBXBuildFile; fileRef = 9DC3A21029C8579C009EBFB0 /* Extension+UIColor.swift */; };
		9DC3A21329C858DB009EBFB0 /* Extension+UILabel.swift in Sources */ = {isa = PBXBuildFile; fileRef = 9DC3A21229C858DB009EBFB0 /* Extension+UILabel.swift */; };
		9DC3A21529C893FB009EBFB0 /* Extension+UITableView.swift in Sources */ = {isa = PBXBuildFile; fileRef = 9DC3A21429C893FB009EBFB0 /* Extension+UITableView.swift */; };
		9DC3A21729C959FE009EBFB0 /* InsetLabel.swift in Sources */ = {isa = PBXBuildFile; fileRef = 9DC3A21629C959FE009EBFB0 /* InsetLabel.swift */; };
		9DC3A21A29C95A81009EBFB0 /* DDPicBaseLabel.swift in Sources */ = {isa = PBXBuildFile; fileRef = 9DC3A21929C95A81009EBFB0 /* DDPicBaseLabel.swift */; };
		9DC3A21C29C9679E009EBFB0 /* Extension+UIEdgeInset.swift in Sources */ = {isa = PBXBuildFile; fileRef = 9DC3A21B29C9679E009EBFB0 /* Extension+UIEdgeInset.swift */; };
		9DC4F85729C3360D00EAFDB5 /* AppDelegate.swift in Sources */ = {isa = PBXBuildFile; fileRef = 9DC4F85629C3360D00EAFDB5 /* AppDelegate.swift */; };
		9DC4F86029C3360E00EAFDB5 /* Assets.xcassets in Resources */ = {isa = PBXBuildFile; fileRef = 9DC4F85F29C3360E00EAFDB5 /* Assets.xcassets */; };
		9DC4F86329C3360E00EAFDB5 /* LaunchScreen.storyboard in Resources */ = {isa = PBXBuildFile; fileRef = 9DC4F86129C3360E00EAFDB5 /* LaunchScreen.storyboard */; };
		9DC4F86B29C6CEFC00EAFDB5 /* HomeViewController.swift in Sources */ = {isa = PBXBuildFile; fileRef = 9DC4F86A29C6CEFC00EAFDB5 /* HomeViewController.swift */; };
		9DC4F86D29C6CF6300EAFDB5 /* DDPicBaseNaviController.swift in Sources */ = {isa = PBXBuildFile; fileRef = 9DC4F86C29C6CF6300EAFDB5 /* DDPicBaseNaviController.swift */; };
		9DC4F86F29C6CF7000EAFDB5 /* DDPicBaseViewController.swift in Sources */ = {isa = PBXBuildFile; fileRef = 9DC4F86E29C6CF7000EAFDB5 /* DDPicBaseViewController.swift */; };
		9DC4F87329C6CFC400EAFDB5 /* DDPicEditViewController.swift in Sources */ = {isa = PBXBuildFile; fileRef = 9DC4F87229C6CFC400EAFDB5 /* DDPicEditViewController.swift */; };
		9DC4F87A29C6DC3A00EAFDB5 /* DDPicBaseView.swift in Sources */ = {isa = PBXBuildFile; fileRef = 9DC4F87929C6DC3A00EAFDB5 /* DDPicBaseView.swift */; };
/* End PBXBuildFile section */

/* Begin PBXFileReference section */
		9D281A844AE1E5C851466A0B /* Pods_DDPicEdit.framework */ = {isa = PBXFileReference; explicitFileType = wrapper.framework; includeInIndex = 0; path = Pods_DDPicEdit.framework; sourceTree = BUILT_PRODUCTS_DIR; };
		9DC3A1FE29C727A3009EBFB0 /* HomeMenuProtocol.swift */ = {isa = PBXFileReference; lastKnownFileType = sourcecode.swift; path = HomeMenuProtocol.swift; sourceTree = "<group>"; };
		9DC3A20129C728C7009EBFB0 /* DDPicCaptureViewController.swift */ = {isa = PBXFileReference; lastKnownFileType = sourcecode.swift; path = DDPicCaptureViewController.swift; sourceTree = "<group>"; };
		9DC3A20329C74B1A009EBFB0 /* DDPicCaptureConfigCell.swift */ = {isa = PBXFileReference; lastKnownFileType = sourcecode.swift; path = DDPicCaptureConfigCell.swift; sourceTree = "<group>"; };
		9DC3A20629C74B7A009EBFB0 /* DDPicBaseTableViewCell.swift */ = {isa = PBXFileReference; lastKnownFileType = sourcecode.swift; path = DDPicBaseTableViewCell.swift; sourceTree = "<group>"; };
		9DC3A20829C74C6A009EBFB0 /* Extention+UIView.swift */ = {isa = PBXFileReference; lastKnownFileType = sourcecode.swift; path = "Extention+UIView.swift"; sourceTree = "<group>"; };
		9DC3A20A29C751E2009EBFB0 /* DDPicRowConfigProtocol.swift */ = {isa = PBXFileReference; lastKnownFileType = sourcecode.swift; path = DDPicRowConfigProtocol.swift; sourceTree = "<group>"; };
		9DC3A20C29C80421009EBFB0 /* DDPicBaseTableViewController.swift */ = {isa = PBXFileReference; lastKnownFileType = sourcecode.swift; path = DDPicBaseTableViewController.swift; sourceTree = "<group>"; };
		9DC3A20E29C80C00009EBFB0 /* Extension+UIFont.swift */ = {isa = PBXFileReference; lastKnownFileType = sourcecode.swift; path = "Extension+UIFont.swift"; sourceTree = "<group>"; };
		9DC3A21029C8579C009EBFB0 /* Extension+UIColor.swift */ = {isa = PBXFileReference; lastKnownFileType = sourcecode.swift; path = "Extension+UIColor.swift"; sourceTree = "<group>"; };
		9DC3A21229C858DB009EBFB0 /* Extension+UILabel.swift */ = {isa = PBXFileReference; lastKnownFileType = sourcecode.swift; path = "Extension+UILabel.swift"; sourceTree = "<group>"; };
		9DC3A21429C893FB009EBFB0 /* Extension+UITableView.swift */ = {isa = PBXFileReference; lastKnownFileType = sourcecode.swift; path = "Extension+UITableView.swift"; sourceTree = "<group>"; };
		9DC3A21629C959FE009EBFB0 /* InsetLabel.swift */ = {isa = PBXFileReference; lastKnownFileType = sourcecode.swift; path = InsetLabel.swift; sourceTree = "<group>"; };
		9DC3A21929C95A81009EBFB0 /* DDPicBaseLabel.swift */ = {isa = PBXFileReference; lastKnownFileType = sourcecode.swift; path = DDPicBaseLabel.swift; sourceTree = "<group>"; };
		9DC3A21B29C9679E009EBFB0 /* Extension+UIEdgeInset.swift */ = {isa = PBXFileReference; lastKnownFileType = sourcecode.swift; path = "Extension+UIEdgeInset.swift"; sourceTree = "<group>"; };
		9DC4F85329C3360D00EAFDB5 /* DDPicEdit.app */ = {isa = PBXFileReference; explicitFileType = wrapper.application; includeInIndex = 0; path = DDPicEdit.app; sourceTree = BUILT_PRODUCTS_DIR; };
		9DC4F85629C3360D00EAFDB5 /* AppDelegate.swift */ = {isa = PBXFileReference; lastKnownFileType = sourcecode.swift; path = AppDelegate.swift; sourceTree = "<group>"; };
		9DC4F85F29C3360E00EAFDB5 /* Assets.xcassets */ = {isa = PBXFileReference; lastKnownFileType = folder.assetcatalog; path = Assets.xcassets; sourceTree = "<group>"; };
		9DC4F86229C3360E00EAFDB5 /* Base */ = {isa = PBXFileReference; lastKnownFileType = file.storyboard; name = Base; path = Base.lproj/LaunchScreen.storyboard; sourceTree = "<group>"; };
		9DC4F86429C3360E00EAFDB5 /* Info.plist */ = {isa = PBXFileReference; lastKnownFileType = text.plist.xml; path = Info.plist; sourceTree = "<group>"; };
		9DC4F86A29C6CEFC00EAFDB5 /* HomeViewController.swift */ = {isa = PBXFileReference; lastKnownFileType = sourcecode.swift; path = HomeViewController.swift; sourceTree = "<group>"; };
		9DC4F86C29C6CF6300EAFDB5 /* DDPicBaseNaviController.swift */ = {isa = PBXFileReference; lastKnownFileType = sourcecode.swift; path = DDPicBaseNaviController.swift; sourceTree = "<group>"; };
		9DC4F86E29C6CF7000EAFDB5 /* DDPicBaseViewController.swift */ = {isa = PBXFileReference; lastKnownFileType = sourcecode.swift; path = DDPicBaseViewController.swift; sourceTree = "<group>"; };
		9DC4F87229C6CFC400EAFDB5 /* DDPicEditViewController.swift */ = {isa = PBXFileReference; lastKnownFileType = sourcecode.swift; path = DDPicEditViewController.swift; sourceTree = "<group>"; };
		9DC4F87929C6DC3A00EAFDB5 /* DDPicBaseView.swift */ = {isa = PBXFileReference; lastKnownFileType = sourcecode.swift; path = DDPicBaseView.swift; sourceTree = "<group>"; };
		C874753863D1BCF69DB75918 /* Pods-DDPicEdit.release.xcconfig */ = {isa = PBXFileReference; includeInIndex = 1; lastKnownFileType = text.xcconfig; name = "Pods-DDPicEdit.release.xcconfig"; path = "Target Support Files/Pods-DDPicEdit/Pods-DDPicEdit.release.xcconfig"; sourceTree = "<group>"; };
		E329401B19A674946A993C90 /* Pods-DDPicEdit.debug.xcconfig */ = {isa = PBXFileReference; includeInIndex = 1; lastKnownFileType = text.xcconfig; name = "Pods-DDPicEdit.debug.xcconfig"; path = "Target Support Files/Pods-DDPicEdit/Pods-DDPicEdit.debug.xcconfig"; sourceTree = "<group>"; };
/* End PBXFileReference section */

/* Begin PBXFrameworksBuildPhase section */
		9DC4F85029C3360D00EAFDB5 /* Frameworks */ = {
			isa = PBXFrameworksBuildPhase;
			buildActionMask = 2147483647;
			files = (
				69E56A5C91553775668C794E /* Pods_DDPicEdit.framework in Frameworks */,
			);
			runOnlyForDeploymentPostprocessing = 0;
		};
/* End PBXFrameworksBuildPhase section */

/* Begin PBXGroup section */
		5D1D051BE26F2D4D0BB5157C /* Frameworks */ = {
			isa = PBXGroup;
			children = (
				9D281A844AE1E5C851466A0B /* Pods_DDPicEdit.framework */,
			);
			name = Frameworks;
			sourceTree = "<group>";
		};
		6257B36F59EDB8CEDB7B62E0 /* Pods */ = {
			isa = PBXGroup;
			children = (
				E329401B19A674946A993C90 /* Pods-DDPicEdit.debug.xcconfig */,
				C874753863D1BCF69DB75918 /* Pods-DDPicEdit.release.xcconfig */,
			);
			path = Pods;
			sourceTree = "<group>";
		};
		9DC3A20029C727DA009EBFB0 /* Protocol */ = {
			isa = PBXGroup;
			children = (
				9DC3A1FE29C727A3009EBFB0 /* HomeMenuProtocol.swift */,
				9DC3A20A29C751E2009EBFB0 /* DDPicRowConfigProtocol.swift */,
			);
			path = Protocol;
			sourceTree = "<group>";
		};
		9DC3A20529C74B29009EBFB0 /* TableViewCell */ = {
			isa = PBXGroup;
			children = (
			);
			path = TableViewCell;
			sourceTree = "<group>";
		};
		9DC3A21829C95A04009EBFB0 /* Component */ = {
			isa = PBXGroup;
			children = (
				9DC3A21629C959FE009EBFB0 /* InsetLabel.swift */,
			);
			path = Component;
			sourceTree = "<group>";
		};
		9DC4F84A29C3360D00EAFDB5 = {
			isa = PBXGroup;
			children = (
				9DC4F85529C3360D00EAFDB5 /* DDPicEdit */,
				9DC4F85429C3360D00EAFDB5 /* Products */,
				6257B36F59EDB8CEDB7B62E0 /* Pods */,
				5D1D051BE26F2D4D0BB5157C /* Frameworks */,
			);
			sourceTree = "<group>";
		};
		9DC4F85429C3360D00EAFDB5 /* Products */ = {
			isa = PBXGroup;
			children = (
				9DC4F85329C3360D00EAFDB5 /* DDPicEdit.app */,
			);
			name = Products;
			sourceTree = "<group>";
		};
		9DC4F85529C3360D00EAFDB5 /* DDPicEdit */ = {
			isa = PBXGroup;
			children = (
				9DC4F85629C3360D00EAFDB5 /* AppDelegate.swift */,
				9DC4F86A29C6CEFC00EAFDB5 /* HomeViewController.swift */,
				9DC4F87529C6DAE700EAFDB5 /* MenuViewController */,
				9DC4F87229C6CFC400EAFDB5 /* DDPicEditViewController.swift */,
				9DC3A20129C728C7009EBFB0 /* DDPicCaptureViewController.swift */,
				9DC3A20529C74B29009EBFB0 /* TableViewCell */,
				9DC3A20329C74B1A009EBFB0 /* DDPicCaptureConfigCell.swift */,
				9DC4F87129C6CF8C00EAFDB5 /* Base */,
				9DC4F86C29C6CF6300EAFDB5 /* DDPicBaseNaviController.swift */,
				9DC4F86E29C6CF7000EAFDB5 /* DDPicBaseViewController.swift */,
				9DC3A20C29C80421009EBFB0 /* DDPicBaseTableViewController.swift */,
				9DC3A20629C74B7A009EBFB0 /* DDPicBaseTableViewCell.swift */,
				9DC4F87929C6DC3A00EAFDB5 /* DDPicBaseView.swift */,
				9DC3A21929C95A81009EBFB0 /* DDPicBaseLabel.swift */,
				9DC3A20029C727DA009EBFB0 /* Protocol */,
				9DC3A21829C95A04009EBFB0 /* Component */,
				9DC4F87829C6DB7900EAFDB5 /* Util */,
				9DC4F85F29C3360E00EAFDB5 /* Assets.xcassets */,
				9DC4F86129C3360E00EAFDB5 /* LaunchScreen.storyboard */,
				9DC4F86429C3360E00EAFDB5 /* Info.plist */,
			);
			path = DDPicEdit;
			sourceTree = "<group>";
		};
		9DC4F87129C6CF8C00EAFDB5 /* Base */ = {
			isa = PBXGroup;
			children = (
			);
			path = Base;
			sourceTree = "<group>";
		};
		9DC4F87529C6DAE700EAFDB5 /* MenuViewController */ = {
			isa = PBXGroup;
			children = (
			);
			path = MenuViewController;
			sourceTree = "<group>";
		};
		9DC4F87829C6DB7900EAFDB5 /* Util */ = {
			isa = PBXGroup;
			children = (
				9DC3A21429C893FB009EBFB0 /* Extension+UITableView.swift */,
				9DC3A21029C8579C009EBFB0 /* Extension+UIColor.swift */,
				9DC3A20E29C80C00009EBFB0 /* Extension+UIFont.swift */,
				9DC3A20829C74C6A009EBFB0 /* Extention+UIView.swift */,
				9DC3A21229C858DB009EBFB0 /* Extension+UILabel.swift */,
				9DC3A21B29C9679E009EBFB0 /* Extension+UIEdgeInset.swift */,
			);
			path = Util;
			sourceTree = "<group>";
		};
/* End PBXGroup section */

/* Begin PBXNativeTarget section */
		9DC4F85229C3360D00EAFDB5 /* DDPicEdit */ = {
			isa = PBXNativeTarget;
			buildConfigurationList = 9DC4F86729C3360E00EAFDB5 /* Build configuration list for PBXNativeTarget "DDPicEdit" */;
			buildPhases = (
				7066C922C65E8A76F8195962 /* [CP] Check Pods Manifest.lock */,
				9DC4F84F29C3360D00EAFDB5 /* Sources */,
				9DC4F85029C3360D00EAFDB5 /* Frameworks */,
				9DC4F85129C3360D00EAFDB5 /* Resources */,
				4EAF3F154C4FADD862AF023E /* [CP] Embed Pods Frameworks */,
			);
			buildRules = (
			);
			dependencies = (
			);
			name = DDPicEdit;
			productName = DDPicEdit;
			productReference = 9DC4F85329C3360D00EAFDB5 /* DDPicEdit.app */;
			productType = "com.apple.product-type.application";
		};
/* End PBXNativeTarget section */

/* Begin PBXProject section */
		9DC4F84B29C3360D00EAFDB5 /* Project object */ = {
			isa = PBXProject;
			attributes = {
				BuildIndependentTargetsInParallel = 1;
				LastSwiftUpdateCheck = 1420;
				LastUpgradeCheck = 1420;
				TargetAttributes = {
					9DC4F85229C3360D00EAFDB5 = {
						CreatedOnToolsVersion = 14.2;
					};
				};
			};
			buildConfigurationList = 9DC4F84E29C3360D00EAFDB5 /* Build configuration list for PBXProject "DDPicEdit" */;
			compatibilityVersion = "Xcode 14.0";
			developmentRegion = en;
			hasScannedForEncodings = 0;
			knownRegions = (
				en,
				Base,
			);
			mainGroup = 9DC4F84A29C3360D00EAFDB5;
			productRefGroup = 9DC4F85429C3360D00EAFDB5 /* Products */;
			projectDirPath = "";
			projectRoot = "";
			targets = (
				9DC4F85229C3360D00EAFDB5 /* DDPicEdit */,
			);
		};
/* End PBXProject section */

/* Begin PBXResourcesBuildPhase section */
		9DC4F85129C3360D00EAFDB5 /* Resources */ = {
			isa = PBXResourcesBuildPhase;
			buildActionMask = 2147483647;
			files = (
				9DC4F86329C3360E00EAFDB5 /* LaunchScreen.storyboard in Resources */,
				9DC4F86029C3360E00EAFDB5 /* Assets.xcassets in Resources */,
			);
			runOnlyForDeploymentPostprocessing = 0;
		};
/* End PBXResourcesBuildPhase section */

/* Begin PBXShellScriptBuildPhase section */
		4EAF3F154C4FADD862AF023E /* [CP] Embed Pods Frameworks */ = {
			isa = PBXShellScriptBuildPhase;
			buildActionMask = 2147483647;
			files = (
			);
			inputFileListPaths = (
				"${PODS_ROOT}/Target Support Files/Pods-DDPicEdit/Pods-DDPicEdit-frameworks-${CONFIGURATION}-input-files.xcfilelist",
			);
			name = "[CP] Embed Pods Frameworks";
			outputFileListPaths = (
				"${PODS_ROOT}/Target Support Files/Pods-DDPicEdit/Pods-DDPicEdit-frameworks-${CONFIGURATION}-output-files.xcfilelist",
			);
			runOnlyForDeploymentPostprocessing = 0;
			shellPath = /bin/sh;
			shellScript = "\"${PODS_ROOT}/Target Support Files/Pods-DDPicEdit/Pods-DDPicEdit-frameworks.sh\"\n";
			showEnvVarsInLog = 0;
		};
		7066C922C65E8A76F8195962 /* [CP] Check Pods Manifest.lock */ = {
			isa = PBXShellScriptBuildPhase;
			buildActionMask = 2147483647;
			files = (
			);
			inputFileListPaths = (
			);
			inputPaths = (
				"${PODS_PODFILE_DIR_PATH}/Podfile.lock",
				"${PODS_ROOT}/Manifest.lock",
			);
			name = "[CP] Check Pods Manifest.lock";
			outputFileListPaths = (
			);
			outputPaths = (
				"$(DERIVED_FILE_DIR)/Pods-DDPicEdit-checkManifestLockResult.txt",
			);
			runOnlyForDeploymentPostprocessing = 0;
			shellPath = /bin/sh;
			shellScript = "diff \"${PODS_PODFILE_DIR_PATH}/Podfile.lock\" \"${PODS_ROOT}/Manifest.lock\" > /dev/null\nif [ $? != 0 ] ; then\n    # print error to STDERR\n    echo \"error: The sandbox is not in sync with the Podfile.lock. Run 'pod install' or update your CocoaPods installation.\" >&2\n    exit 1\nfi\n# This output is used by Xcode 'outputs' to avoid re-running this script phase.\necho \"SUCCESS\" > \"${SCRIPT_OUTPUT_FILE_0}\"\n";
			showEnvVarsInLog = 0;
		};
/* End PBXShellScriptBuildPhase section */

/* Begin PBXSourcesBuildPhase section */
		9DC4F84F29C3360D00EAFDB5 /* Sources */ = {
			isa = PBXSourcesBuildPhase;
			buildActionMask = 2147483647;
			files = (
				9DC4F87A29C6DC3A00EAFDB5 /* DDPicBaseView.swift in Sources */,
				9DC3A20429C74B1A009EBFB0 /* DDPicCaptureConfigCell.swift in Sources */,
				9DC3A20B29C751E2009EBFB0 /* DDPicRowConfigProtocol.swift in Sources */,
				9DC4F85729C3360D00EAFDB5 /* AppDelegate.swift in Sources */,
				9DC3A21C29C9679E009EBFB0 /* Extension+UIEdgeInset.swift in Sources */,
				9DC4F86D29C6CF6300EAFDB5 /* DDPicBaseNaviController.swift in Sources */,
				9DC3A1FF29C727A3009EBFB0 /* HomeMenuProtocol.swift in Sources */,
				9DC3A20729C74B7A009EBFB0 /* DDPicBaseTableViewCell.swift in Sources */,
				9DC3A21529C893FB009EBFB0 /* Extension+UITableView.swift in Sources */,
				9DC3A21329C858DB009EBFB0 /* Extension+UILabel.swift in Sources */,
				9DC3A21129C8579C009EBFB0 /* Extension+UIColor.swift in Sources */,
				9DC3A21729C959FE009EBFB0 /* InsetLabel.swift in Sources */,
				9DC4F86F29C6CF7000EAFDB5 /* DDPicBaseViewController.swift in Sources */,
				9DC4F86B29C6CEFC00EAFDB5 /* HomeViewController.swift in Sources */,
				9DC3A20F29C80C00009EBFB0 /* Extension+UIFont.swift in Sources */,
				9DC3A21A29C95A81009EBFB0 /* DDPicBaseLabel.swift in Sources */,
				9DC4F87329C6CFC400EAFDB5 /* DDPicEditViewController.swift in Sources */,
				9DC3A20229C728C7009EBFB0 /* DDPicCaptureViewController.swift in Sources */,
				9DC3A20929C74C6A009EBFB0 /* Extention+UIView.swift in Sources */,
				9DC3A20D29C80421009EBFB0 /* DDPicBaseTableViewController.swift in Sources */,
			);
			runOnlyForDeploymentPostprocessing = 0;
		};
/* End PBXSourcesBuildPhase section */

/* Begin PBXVariantGroup section */
		9DC4F86129C3360E00EAFDB5 /* LaunchScreen.storyboard */ = {
			isa = PBXVariantGroup;
			children = (
				9DC4F86229C3360E00EAFDB5 /* Base */,
			);
			name = LaunchScreen.storyboard;
			sourceTree = "<group>";
		};
/* End PBXVariantGroup section */

/* Begin XCBuildConfiguration section */
		9DC4F86529C3360E00EAFDB5 /* Debug */ = {
			isa = XCBuildConfiguration;
			buildSettings = {
				ALWAYS_SEARCH_USER_PATHS = NO;
				CLANG_ANALYZER_NONNULL = YES;
				CLANG_ANALYZER_NUMBER_OBJECT_CONVERSION = YES_AGGRESSIVE;
				CLANG_CXX_LANGUAGE_STANDARD = "gnu++20";
				CLANG_ENABLE_MODULES = YES;
				CLANG_ENABLE_OBJC_ARC = YES;
				CLANG_ENABLE_OBJC_WEAK = YES;
				CLANG_WARN_BLOCK_CAPTURE_AUTORELEASING = YES;
				CLANG_WARN_BOOL_CONVERSION = YES;
				CLANG_WARN_COMMA = YES;
				CLANG_WARN_CONSTANT_CONVERSION = YES;
				CLANG_WARN_DEPRECATED_OBJC_IMPLEMENTATIONS = YES;
				CLANG_WARN_DIRECT_OBJC_ISA_USAGE = YES_ERROR;
				CLANG_WARN_DOCUMENTATION_COMMENTS = YES;
				CLANG_WARN_EMPTY_BODY = YES;
				CLANG_WARN_ENUM_CONVERSION = YES;
				CLANG_WARN_INFINITE_RECURSION = YES;
				CLANG_WARN_INT_CONVERSION = YES;
				CLANG_WARN_NON_LITERAL_NULL_CONVERSION = YES;
				CLANG_WARN_OBJC_IMPLICIT_RETAIN_SELF = YES;
				CLANG_WARN_OBJC_LITERAL_CONVERSION = YES;
				CLANG_WARN_OBJC_ROOT_CLASS = YES_ERROR;
				CLANG_WARN_QUOTED_INCLUDE_IN_FRAMEWORK_HEADER = YES;
				CLANG_WARN_RANGE_LOOP_ANALYSIS = YES;
				CLANG_WARN_STRICT_PROTOTYPES = YES;
				CLANG_WARN_SUSPICIOUS_MOVE = YES;
				CLANG_WARN_UNGUARDED_AVAILABILITY = YES_AGGRESSIVE;
				CLANG_WARN_UNREACHABLE_CODE = YES;
				CLANG_WARN__DUPLICATE_METHOD_MATCH = YES;
				COPY_PHASE_STRIP = NO;
				DEBUG_INFORMATION_FORMAT = dwarf;
				ENABLE_STRICT_OBJC_MSGSEND = YES;
				ENABLE_TESTABILITY = YES;
				GCC_C_LANGUAGE_STANDARD = gnu11;
				GCC_DYNAMIC_NO_PIC = NO;
				GCC_NO_COMMON_BLOCKS = YES;
				GCC_OPTIMIZATION_LEVEL = 0;
				GCC_PREPROCESSOR_DEFINITIONS = (
					"DEBUG=1",
					"$(inherited)",
				);
				GCC_WARN_64_TO_32_BIT_CONVERSION = YES;
				GCC_WARN_ABOUT_RETURN_TYPE = YES_ERROR;
				GCC_WARN_UNDECLARED_SELECTOR = YES;
				GCC_WARN_UNINITIALIZED_AUTOS = YES_AGGRESSIVE;
				GCC_WARN_UNUSED_FUNCTION = YES;
				GCC_WARN_UNUSED_VARIABLE = YES;
				INFOPLIST_KEY_UISupportedInterfaceOrientations_iPhone = "";
				IPHONEOS_DEPLOYMENT_TARGET = 16.2;
				MTL_ENABLE_DEBUG_INFO = INCLUDE_SOURCE;
				MTL_FAST_MATH = YES;
				ONLY_ACTIVE_ARCH = YES;
				SDKROOT = iphoneos;
				SWIFT_ACTIVE_COMPILATION_CONDITIONS = DEBUG;
				SWIFT_OPTIMIZATION_LEVEL = "-Onone";
			};
			name = Debug;
		};
		9DC4F86629C3360E00EAFDB5 /* Release */ = {
			isa = XCBuildConfiguration;
			buildSettings = {
				ALWAYS_SEARCH_USER_PATHS = NO;
				CLANG_ANALYZER_NONNULL = YES;
				CLANG_ANALYZER_NUMBER_OBJECT_CONVERSION = YES_AGGRESSIVE;
				CLANG_CXX_LANGUAGE_STANDARD = "gnu++20";
				CLANG_ENABLE_MODULES = YES;
				CLANG_ENABLE_OBJC_ARC = YES;
				CLANG_ENABLE_OBJC_WEAK = YES;
				CLANG_WARN_BLOCK_CAPTURE_AUTORELEASING = YES;
				CLANG_WARN_BOOL_CONVERSION = YES;
				CLANG_WARN_COMMA = YES;
				CLANG_WARN_CONSTANT_CONVERSION = YES;
				CLANG_WARN_DEPRECATED_OBJC_IMPLEMENTATIONS = YES;
				CLANG_WARN_DIRECT_OBJC_ISA_USAGE = YES_ERROR;
				CLANG_WARN_DOCUMENTATION_COMMENTS = YES;
				CLANG_WARN_EMPTY_BODY = YES;
				CLANG_WARN_ENUM_CONVERSION = YES;
				CLANG_WARN_INFINITE_RECURSION = YES;
				CLANG_WARN_INT_CONVERSION = YES;
				CLANG_WARN_NON_LITERAL_NULL_CONVERSION = YES;
				CLANG_WARN_OBJC_IMPLICIT_RETAIN_SELF = YES;
				CLANG_WARN_OBJC_LITERAL_CONVERSION = YES;
				CLANG_WARN_OBJC_ROOT_CLASS = YES_ERROR;
				CLANG_WARN_QUOTED_INCLUDE_IN_FRAMEWORK_HEADER = YES;
				CLANG_WARN_RANGE_LOOP_ANALYSIS = YES;
				CLANG_WARN_STRICT_PROTOTYPES = YES;
				CLANG_WARN_SUSPICIOUS_MOVE = YES;
				CLANG_WARN_UNGUARDED_AVAILABILITY = YES_AGGRESSIVE;
				CLANG_WARN_UNREACHABLE_CODE = YES;
				CLANG_WARN__DUPLICATE_METHOD_MATCH = YES;
				COPY_PHASE_STRIP = NO;
				DEBUG_INFORMATION_FORMAT = "dwarf-with-dsym";
				ENABLE_NS_ASSERTIONS = NO;
				ENABLE_STRICT_OBJC_MSGSEND = YES;
				GCC_C_LANGUAGE_STANDARD = gnu11;
				GCC_NO_COMMON_BLOCKS = YES;
				GCC_WARN_64_TO_32_BIT_CONVERSION = YES;
				GCC_WARN_ABOUT_RETURN_TYPE = YES_ERROR;
				GCC_WARN_UNDECLARED_SELECTOR = YES;
				GCC_WARN_UNINITIALIZED_AUTOS = YES_AGGRESSIVE;
				GCC_WARN_UNUSED_FUNCTION = YES;
				GCC_WARN_UNUSED_VARIABLE = YES;
				INFOPLIST_KEY_UISupportedInterfaceOrientations_iPhone = "";
				IPHONEOS_DEPLOYMENT_TARGET = 16.2;
				MTL_ENABLE_DEBUG_INFO = NO;
				MTL_FAST_MATH = YES;
				SDKROOT = iphoneos;
				SWIFT_COMPILATION_MODE = wholemodule;
				SWIFT_OPTIMIZATION_LEVEL = "-O";
				VALIDATE_PRODUCT = YES;
			};
			name = Release;
		};
		9DC4F86829C3360E00EAFDB5 /* Debug */ = {
			isa = XCBuildConfiguration;
			baseConfigurationReference = E329401B19A674946A993C90 /* Pods-DDPicEdit.debug.xcconfig */;
			buildSettings = {
				ASSETCATALOG_COMPILER_APPICON_NAME = AppIcon;
				ASSETCATALOG_COMPILER_GLOBAL_ACCENT_COLOR_NAME = AccentColor;
				CODE_SIGN_STYLE = Automatic;
				CURRENT_PROJECT_VERSION = 1;
				DEVELOPMENT_TEAM = PUPZPZ7XK4;
				GENERATE_INFOPLIST_FILE = YES;
				INFOPLIST_FILE = DDPicEdit/Info.plist;
				INFOPLIST_KEY_NSCameraUsageDescription = "为了提供更优质的服务，需要您的相机权限";
				INFOPLIST_KEY_NSLocationAlwaysUsageDescription = "为了提供更优质的服务，需要在使用时获取您的位置";
				INFOPLIST_KEY_NSMicrophoneUsageDescription = "为了提供更优质的服务，需要获取您的麦克风权限";
				INFOPLIST_KEY_NSPhotoLibraryUsageDescription = "为了提供更优质的服务，需要获取您的相册权限";
				INFOPLIST_KEY_UIApplicationSupportsIndirectInputEvents = YES;
				INFOPLIST_KEY_UILaunchStoryboardName = LaunchScreen.storyboard;
				INFOPLIST_KEY_UIStatusBarStyle = "";
				INFOPLIST_KEY_UISupportedInterfaceOrientations = "UIInterfaceOrientationLandscapeLeft UIInterfaceOrientationLandscapeRight UIInterfaceOrientationPortrait";
				INFOPLIST_KEY_UISupportedInterfaceOrientations_iPhone = "";
				IPHONEOS_DEPLOYMENT_TARGET = 12.0;
				LD_RUNPATH_SEARCH_PATHS = (
					"$(inherited)",
					"@executable_path/Frameworks",
				);
				MARKETING_VERSION = 1.0;
				PRODUCT_BUNDLE_IDENTIFIER = xyz.longdy.blog.DDPicEdit;
				PRODUCT_NAME = "$(TARGET_NAME)";
				SWIFT_EMIT_LOC_STRINGS = YES;
				SWIFT_VERSION = 5.0;
				TARGETED_DEVICE_FAMILY = "1,2";
			};
			name = Debug;
		};
		9DC4F86929C3360E00EAFDB5 /* Release */ = {
			isa = XCBuildConfiguration;
			baseConfigurationReference = C874753863D1BCF69DB75918 /* Pods-DDPicEdit.release.xcconfig */;
			buildSettings = {
				ASSETCATALOG_COMPILER_APPICON_NAME = AppIcon;
				ASSETCATALOG_COMPILER_GLOBAL_ACCENT_COLOR_NAME = AccentColor;
				CODE_SIGN_STYLE = Automatic;
				CURRENT_PROJECT_VERSION = 1;
				DEVELOPMENT_TEAM = PUPZPZ7XK4;
				GENERATE_INFOPLIST_FILE = YES;
				INFOPLIST_FILE = DDPicEdit/Info.plist;
				INFOPLIST_KEY_NSCameraUsageDescription = "为了提供更优质的服务，需要您的相机权限";
				INFOPLIST_KEY_NSLocationAlwaysUsageDescription = "为了提供更优质的服务，需要在使用时获取您的位置";
				INFOPLIST_KEY_NSMicrophoneUsageDescription = "为了提供更优质的服务，需要获取您的麦克风权限";
				INFOPLIST_KEY_NSPhotoLibraryUsageDescription = "为了提供更优质的服务，需要获取您的相册权限";
				INFOPLIST_KEY_UIApplicationSupportsIndirectInputEvents = YES;
				INFOPLIST_KEY_UILaunchStoryboardName = LaunchScreen.storyboard;
				INFOPLIST_KEY_UIStatusBarStyle = "";
				INFOPLIST_KEY_UISupportedInterfaceOrientations = "UIInterfaceOrientationLandscapeLeft UIInterfaceOrientationLandscapeRight UIInterfaceOrientationPortrait";
				INFOPLIST_KEY_UISupportedInterfaceOrientations_iPhone = "";
				IPHONEOS_DEPLOYMENT_TARGET = 12.0;
				LD_RUNPATH_SEARCH_PATHS = (
					"$(inherited)",
					"@executable_path/Frameworks",
				);
				MARKETING_VERSION = 1.0;
				PRODUCT_BUNDLE_IDENTIFIER = xyz.longdy.blog.DDPicEdit;
				PRODUCT_NAME = "$(TARGET_NAME)";
				SWIFT_EMIT_LOC_STRINGS = YES;
				SWIFT_VERSION = 5.0;
				TARGETED_DEVICE_FAMILY = "1,2";
			};
			name = Release;
		};
/* End XCBuildConfiguration section */

/* Begin XCConfigurationList section */
		9DC4F84E29C3360D00EAFDB5 /* Build configuration list for PBXProject "DDPicEdit" */ = {
			isa = XCConfigurationList;
			buildConfigurations = (
				9DC4F86529C3360E00EAFDB5 /* Debug */,
				9DC4F86629C3360E00EAFDB5 /* Release */,
			);
			defaultConfigurationIsVisible = 0;
			defaultConfigurationName = Release;
		};
		9DC4F86729C3360E00EAFDB5 /* Build configuration list for PBXNativeTarget "DDPicEdit" */ = {
			isa = XCConfigurationList;
			buildConfigurations = (
				9DC4F86829C3360E00EAFDB5 /* Debug */,
				9DC4F86929C3360E00EAFDB5 /* Release */,
			);
			defaultConfigurationIsVisible = 0;
			defaultConfigurationName = Release;
		};
/* End XCConfigurationList section */
	};
	rootObject = 9DC4F84B29C3360D00EAFDB5 /* Project object */;
}
